("quicklisp" .
 (:class qlot/source/dist:source-dist
  :initargs (:distribution "https://beta.quicklisp.org/dist/quicklisp.txt" :%version :latest)
  :version "2023-10-21"))
("cl-metal" .
 (:class qlot/source/git:source-git
  :initargs (:remote-url "git@github.com:hikettei/cl-metal.git")
  :version "git-1f12360389e54d6d8e32f49634cc0f23dc6e4aae"))
